{
  "name": "js_tutorial",
  "lockfileVersion": 2,
  "requires": true,
  "packages": {
    "": {
      "dependencies": {
        "peterjatkinson_palindrome": "^0.1.0"
      }
    },
    "node_modules/peterjatkinson_palindrome": {
      "version": "0.1.0",
      "resolved": "https://registry.npmjs.org/peterjatkinson_palindrome/-/peterjatkinson_palindrome-0.1.0.tgz",
      "integrity": "sha512-XrqZEWUVSzbsdtGVsTGN9srFlAs60fCadwC1W9zLF/8H5UXXXD/N3JTPYiNwbct7IB4iNxbUClAodmNvkxfQ/g=="
    }
  },
  "dependencies": {
    "peterjatkinson_palindrome": {
      "version": "0.1.0",
      "resolved": "https://registry.npmjs.org/peterjatkinson_palindrome/-/peterjatkinson_palindrome-0.1.0.tgz",
      "integrity": "sha512-XrqZEWUVSzbsdtGVsTGN9srFlAs60fCadwC1W9zLF/8H5UXXXD/N3JTPYiNwbct7IB4iNxbUClAodmNvkxfQ/g=="
    }
  }
}
